
Microsoft Visual Studio Solution File, Format Version 12.00
# Visual Studio 15
VisualStudioVersion = 15.0.26430.12
MinimumVisualStudioVersion = 10.0.40219.1
Project("{FAE04EC0-301F-11D3-BF4B-00C04F79EFBC}") = "ConsoleTest", "Desktop\ConsoleTest\ConsoleTest.csproj", "{16FD143D-6E25-4CD9-AEC0-B096644B0045}"
EndProject
Project("{FAE04EC0-301F-11D3-BF4B-00C04F79EFBC}") = "C-Store SCP", "Desktop\C-Store SCP\C-Store SCP.csproj", "{D9AF008C-EE25-49B3-96F6-E81B8A59D017}"
EndProject
Project("{FAE04EC0-301F-11D3-BF4B-00C04F79EFBC}") = "DICOM Media", "Desktop\DICOM Media\DICOM Media.csproj", "{00A56C9C-8237-4CB8-ACC9-437C8D366EFC}"
EndProject
Project("{FAE04EC0-301F-11D3-BF4B-00C04F79EFBC}") = "Logging Serilog", "Desktop\Logging Serilog\Logging Serilog.csproj", "{3AAFAAC6-3224-4754-884E-1CBEACEE2D59}"
EndProject
Project("{FAE04EC0-301F-11D3-BF4B-00C04F79EFBC}") = "Print SCP", "Desktop\Print SCP\Print SCP.csproj", "{7D7F92D4-0992-42A4-8290-4770BCA67F49}"
EndProject
Project("{FAE04EC0-301F-11D3-BF4B-00C04F79EFBC}") = "Print SCU", "Desktop\Print SCU\Print SCU.csproj", "{CC7C6F7D-CBCE-44D3-B910-A9AB1AB5A36C}"
EndProject
Project("{FAE04EC0-301F-11D3-BF4B-00C04F79EFBC}") = "Wado", "Desktop\Wado\Wado.csproj", "{9D8C9830-AD5F-478D-8CDC-E04C4A3773F6}"
EndProject
Project("{FAE04EC0-301F-11D3-BF4B-00C04F79EFBC}") = "DICOM Compare", "Desktop\DICOM Compare\DICOM Compare.csproj", "{1C0C476C-507D-453F-90C2-C1C5E4B35BEF}"
EndProject
Project("{FAE04EC0-301F-11D3-BF4B-00C04F79EFBC}") = "QueryRetrieve SCU", "Desktop\QueryRetrieve SCU\QueryRetrieve SCU.csproj", "{1C63F8A8-393E-4911-83D0-A01D78A47B45}"
EndProject
Global
	GlobalSection(SolutionConfigurationPlatforms) = preSolution
		Debug|Any CPU = Debug|Any CPU
		Release|Any CPU = Release|Any CPU
	EndGlobalSection
	GlobalSection(ProjectConfigurationPlatforms) = postSolution
		{16FD143D-6E25-4CD9-AEC0-B096644B0045}.Debug|Any CPU.ActiveCfg = Debug|Any CPU
		{16FD143D-6E25-4CD9-AEC0-B096644B0045}.Debug|Any CPU.Build.0 = Debug|Any CPU
		{16FD143D-6E25-4CD9-AEC0-B096644B0045}.Release|Any CPU.ActiveCfg = Release|Any CPU
		{16FD143D-6E25-4CD9-AEC0-B096644B0045}.Release|Any CPU.Build.0 = Release|Any CPU
		{D9AF008C-EE25-49B3-96F6-E81B8A59D017}.Debug|Any CPU.ActiveCfg = Debug|Any CPU
		{D9AF008C-EE25-49B3-96F6-E81B8A59D017}.Debug|Any CPU.Build.0 = Debug|Any CPU
		{D9AF008C-EE25-49B3-96F6-E81B8A59D017}.Release|Any CPU.ActiveCfg = Release|Any CPU
		{D9AF008C-EE25-49B3-96F6-E81B8A59D017}.Release|Any CPU.Build.0 = Release|Any CPU
		{00A56C9C-8237-4CB8-ACC9-437C8D366EFC}.Debug|Any CPU.ActiveCfg = Debug|Any CPU
		{00A56C9C-8237-4CB8-ACC9-437C8D366EFC}.Debug|Any CPU.Build.0 = Debug|Any CPU
		{00A56C9C-8237-4CB8-ACC9-437C8D366EFC}.Release|Any CPU.ActiveCfg = Release|Any CPU
		{00A56C9C-8237-4CB8-ACC9-437C8D366EFC}.Release|Any CPU.Build.0 = Release|Any CPU
		{3AAFAAC6-3224-4754-884E-1CBEACEE2D59}.Debug|Any CPU.ActiveCfg = Debug|Any CPU
		{3AAFAAC6-3224-4754-884E-1CBEACEE2D59}.Debug|Any CPU.Build.0 = Debug|Any CPU
		{3AAFAAC6-3224-4754-884E-1CBEACEE2D59}.Release|Any CPU.ActiveCfg = Release|Any CPU
		{3AAFAAC6-3224-4754-884E-1CBEACEE2D59}.Release|Any CPU.Build.0 = Release|Any CPU
		{7D7F92D4-0992-42A4-8290-4770BCA67F49}.Debug|Any CPU.ActiveCfg = Debug|Any CPU
		{7D7F92D4-0992-42A4-8290-4770BCA67F49}.Debug|Any CPU.Build.0 = Debug|Any CPU
		{7D7F92D4-0992-42A4-8290-4770BCA67F49}.Release|Any CPU.ActiveCfg = Release|Any CPU
		{7D7F92D4-0992-42A4-8290-4770BCA67F49}.Release|Any CPU.Build.0 = Release|Any CPU
		{CC7C6F7D-CBCE-44D3-B910-A9AB1AB5A36C}.Debug|Any CPU.ActiveCfg = Debug|Any CPU
		{CC7C6F7D-CBCE-44D3-B910-A9AB1AB5A36C}.Debug|Any CPU.Build.0 = Debug|Any CPU
		{CC7C6F7D-CBCE-44D3-B910-A9AB1AB5A36C}.Release|Any CPU.ActiveCfg = Release|Any CPU
		{CC7C6F7D-CBCE-44D3-B910-A9AB1AB5A36C}.Release|Any CPU.Build.0 = Release|Any CPU
		{9D8C9830-AD5F-478D-8CDC-E04C4A3773F6}.Debug|Any CPU.ActiveCfg = Debug|Any CPU
		{9D8C9830-AD5F-478D-8CDC-E04C4A3773F6}.Debug|Any CPU.Build.0 = Debug|Any CPU
		{9D8C9830-AD5F-478D-8CDC-E04C4A3773F6}.Release|Any CPU.ActiveCfg = Release|Any CPU
		{9D8C9830-AD5F-478D-8CDC-E04C4A3773F6}.Release|Any CPU.Build.0 = Release|Any CPU
		{1C0C476C-507D-453F-90C2-C1C5E4B35BEF}.Debug|Any CPU.ActiveCfg = Debug|Any CPU
		{1C0C476C-507D-453F-90C2-C1C5E4B35BEF}.Debug|Any CPU.Build.0 = Debug|Any CPU
		{1C0C476C-507D-453F-90C2-C1C5E4B35BEF}.Release|Any CPU.ActiveCfg = Release|Any CPU
		{1C0C476C-507D-453F-90C2-C1C5E4B35BEF}.Release|Any CPU.Build.0 = Release|Any CPU
		{1C63F8A8-393E-4911-83D0-A01D78A47B45}.Debug|Any CPU.ActiveCfg = Debug|Any CPU
		{1C63F8A8-393E-4911-83D0-A01D78A47B45}.Debug|Any CPU.Build.0 = Debug|Any CPU
		{1C63F8A8-393E-4911-83D0-A01D78A47B45}.Release|Any CPU.ActiveCfg = Release|Any CPU
		{1C63F8A8-393E-4911-83D0-A01D78A47B45}.Release|Any CPU.Build.0 = Release|Any CPU
	EndGlobalSection
	GlobalSection(SolutionProperties) = preSolution
		HideSolutionNode = FALSE
	EndGlobalSection
EndGlobal
