
Microsoft Visual Studio Solution File, Format Version 12.00
# Visual Studio Version 16
VisualStudioVersion = 16.0.31702.278
MinimumVisualStudioVersion = 10.0.40219.1
Project("{FAE04EC0-301F-11D3-BF4B-00C04F79EFBC}") = "ConsoleTest", "Desktop\ConsoleTest\ConsoleTest.csproj", "{16FD143D-6E25-4CD9-AEC0-B096644B0045}"
EndProject
Project("{FAE04EC0-301F-11D3-BF4B-00C04F79EFBC}") = "C-Store SCP", "Desktop\C-Store SCP\C-Store SCP.csproj", "{D9AF008C-EE25-49B3-96F6-E81B8A59D017}"
EndProject
Project("{FAE04EC0-301F-11D3-BF4B-00C04F79EFBC}") = "DICOM Media", "Desktop\DICOM Media\DICOM Media.csproj", "{00A56C9C-8237-4CB8-ACC9-437C8D366EFC}"
EndProject
Project("{FAE04EC0-301F-11D3-BF4B-00C04F79EFBC}") = "Logging Serilog", "Desktop\Logging Serilog\Logging Serilog.csproj", "{3AAFAAC6-3224-4754-884E-1CBEACEE2D59}"
EndProject
Project("{FAE04EC0-301F-11D3-BF4B-00C04F79EFBC}") = "Print SCP", "Desktop\Print SCP\Print SCP.csproj", "{7D7F92D4-0992-42A4-8290-4770BCA67F49}"
EndProject
Project("{FAE04EC0-301F-11D3-BF4B-00C04F79EFBC}") = "Print SCU", "Desktop\Print SCU\Print SCU.csproj", "{CC7C6F7D-CBCE-44D3-B910-A9AB1AB5A36C}"
EndProject
Project("{FAE04EC0-301F-11D3-BF4B-00C04F79EFBC}") = "Wado", "Desktop\Wado\Wado.csproj", "{9D8C9830-AD5F-478D-8CDC-E04C4A3773F6}"
EndProject
Project("{FAE04EC0-301F-11D3-BF4B-00C04F79EFBC}") = "DICOM Compare", "Desktop\DICOM Compare\DICOM Compare.csproj", "{1C0C476C-507D-453F-90C2-C1C5E4B35BEF}"
EndProject
Project("{FAE04EC0-301F-11D3-BF4B-00C04F79EFBC}") = "QueryRetrieve SCU", "Desktop\QueryRetrieve SCU\QueryRetrieve SCU.csproj", "{1C63F8A8-393E-4911-83D0-A01D78A47B45}"
EndProject
Project("{FAE04EC0-301F-11D3-BF4B-00C04F79EFBC}") = "QueryRetrieve SCP", "Desktop\QueryRetrieve SCP\QueryRetrieve SCP.csproj", "{8E430BBE-C5D2-40FB-9F26-7B2BCB2B3F2A}"
EndProject
Project("{FAE04EC0-301F-11D3-BF4B-00C04F79EFBC}") = "Worklist SCP", "Desktop\Worklist SCP\Worklist SCP.csproj", "{78E5DF7A-8829-450B-800C-B5079BC9106D}"
EndProject
Project("{FAE04EC0-301F-11D3-BF4B-00C04F79EFBC}") = "C-Store SCU", "Desktop\C-Store SCU\C-Store SCU.csproj", "{832AF402-22A1-4D28-9179-05B4D8FE44E9}"
EndProject
Project("{FAE04EC0-301F-11D3-BF4B-00C04F79EFBC}") = "Worklist SCU", "Desktop\Worklist SCU\Worklist SCU.csproj", "{7E4D2675-91E7-4247-A511-F0AF5AB64E18}"
EndProject
Project("{2150E333-8FDC-42A3-9474-1A3956D46DE8}") = "Solution Items", "Solution Items", "{A569366D-4264-4A95-9735-C4F144BA94D9}"
	ProjectSection(SolutionItems) = preProject
		.editorconfig = .editorconfig
		License.txt = License.txt
		README.md = README.md
	EndProjectSection
EndProject
Global
	GlobalSection(SolutionConfigurationPlatforms) = preSolution
		Debug|Any CPU = Debug|Any CPU
		Debug|x86 = Debug|x86
		Release|Any CPU = Release|Any CPU
		Release|x86 = Release|x86
	EndGlobalSection
	GlobalSection(ProjectConfigurationPlatforms) = postSolution
		{16FD143D-6E25-4CD9-AEC0-B096644B0045}.Debug|Any CPU.ActiveCfg = Debug|Any CPU
		{16FD143D-6E25-4CD9-AEC0-B096644B0045}.Debug|Any CPU.Build.0 = Debug|Any CPU
		{16FD143D-6E25-4CD9-AEC0-B096644B0045}.Debug|x86.ActiveCfg = Debug|x86
		{16FD143D-6E25-4CD9-AEC0-B096644B0045}.Debug|x86.Build.0 = Debug|x86
		{16FD143D-6E25-4CD9-AEC0-B096644B0045}.Release|Any CPU.ActiveCfg = Release|Any CPU
		{16FD143D-6E25-4CD9-AEC0-B096644B0045}.Release|Any CPU.Build.0 = Release|Any CPU
		{16FD143D-6E25-4CD9-AEC0-B096644B0045}.Release|x86.ActiveCfg = Release|x86
		{16FD143D-6E25-4CD9-AEC0-B096644B0045}.Release|x86.Build.0 = Release|x86
		{D9AF008C-EE25-49B3-96F6-E81B8A59D017}.Debug|Any CPU.ActiveCfg = Debug|Any CPU
		{D9AF008C-EE25-49B3-96F6-E81B8A59D017}.Debug|Any CPU.Build.0 = Debug|Any CPU
		{D9AF008C-EE25-49B3-96F6-E81B8A59D017}.Debug|x86.ActiveCfg = Debug|x86
		{D9AF008C-EE25-49B3-96F6-E81B8A59D017}.Debug|x86.Build.0 = Debug|x86
		{D9AF008C-EE25-49B3-96F6-E81B8A59D017}.Release|Any CPU.ActiveCfg = Release|Any CPU
		{D9AF008C-EE25-49B3-96F6-E81B8A59D017}.Release|Any CPU.Build.0 = Release|Any CPU
		{D9AF008C-EE25-49B3-96F6-E81B8A59D017}.Release|x86.ActiveCfg = Release|x86
		{D9AF008C-EE25-49B3-96F6-E81B8A59D017}.Release|x86.Build.0 = Release|x86
		{00A56C9C-8237-4CB8-ACC9-437C8D366EFC}.Debug|Any CPU.ActiveCfg = Debug|Any CPU
		{00A56C9C-8237-4CB8-ACC9-437C8D366EFC}.Debug|Any CPU.Build.0 = Debug|Any CPU
		{00A56C9C-8237-4CB8-ACC9-437C8D366EFC}.Debug|x86.ActiveCfg = Debug|x86
		{00A56C9C-8237-4CB8-ACC9-437C8D366EFC}.Debug|x86.Build.0 = Debug|x86
		{00A56C9C-8237-4CB8-ACC9-437C8D366EFC}.Release|Any CPU.ActiveCfg = Release|Any CPU
		{00A56C9C-8237-4CB8-ACC9-437C8D366EFC}.Release|Any CPU.Build.0 = Release|Any CPU
		{00A56C9C-8237-4CB8-ACC9-437C8D366EFC}.Release|x86.ActiveCfg = Release|x86
		{00A56C9C-8237-4CB8-ACC9-437C8D366EFC}.Release|x86.Build.0 = Release|x86
		{3AAFAAC6-3224-4754-884E-1CBEACEE2D59}.Debug|Any CPU.ActiveCfg = Debug|Any CPU
		{3AAFAAC6-3224-4754-884E-1CBEACEE2D59}.Debug|Any CPU.Build.0 = Debug|Any CPU
		{3AAFAAC6-3224-4754-884E-1CBEACEE2D59}.Debug|x86.ActiveCfg = Debug|x86
		{3AAFAAC6-3224-4754-884E-1CBEACEE2D59}.Debug|x86.Build.0 = Debug|x86
		{3AAFAAC6-3224-4754-884E-1CBEACEE2D59}.Release|Any CPU.ActiveCfg = Release|Any CPU
		{3AAFAAC6-3224-4754-884E-1CBEACEE2D59}.Release|Any CPU.Build.0 = Release|Any CPU
		{3AAFAAC6-3224-4754-884E-1CBEACEE2D59}.Release|x86.ActiveCfg = Release|x86
		{3AAFAAC6-3224-4754-884E-1CBEACEE2D59}.Release|x86.Build.0 = Release|x86
		{7D7F92D4-0992-42A4-8290-4770BCA67F49}.Debug|Any CPU.ActiveCfg = Debug|Any CPU
		{7D7F92D4-0992-42A4-8290-4770BCA67F49}.Debug|Any CPU.Build.0 = Debug|Any CPU
		{7D7F92D4-0992-42A4-8290-4770BCA67F49}.Debug|x86.ActiveCfg = Debug|x86
		{7D7F92D4-0992-42A4-8290-4770BCA67F49}.Debug|x86.Build.0 = Debug|x86
		{7D7F92D4-0992-42A4-8290-4770BCA67F49}.Release|Any CPU.ActiveCfg = Release|Any CPU
		{7D7F92D4-0992-42A4-8290-4770BCA67F49}.Release|Any CPU.Build.0 = Release|Any CPU
		{7D7F92D4-0992-42A4-8290-4770BCA67F49}.Release|x86.ActiveCfg = Release|x86
		{7D7F92D4-0992-42A4-8290-4770BCA67F49}.Release|x86.Build.0 = Release|x86
		{CC7C6F7D-CBCE-44D3-B910-A9AB1AB5A36C}.Debug|Any CPU.ActiveCfg = Debug|Any CPU
		{CC7C6F7D-CBCE-44D3-B910-A9AB1AB5A36C}.Debug|Any CPU.Build.0 = Debug|Any CPU
		{CC7C6F7D-CBCE-44D3-B910-A9AB1AB5A36C}.Debug|x86.ActiveCfg = Debug|x86
		{CC7C6F7D-CBCE-44D3-B910-A9AB1AB5A36C}.Debug|x86.Build.0 = Debug|x86
		{CC7C6F7D-CBCE-44D3-B910-A9AB1AB5A36C}.Release|Any CPU.ActiveCfg = Release|Any CPU
		{CC7C6F7D-CBCE-44D3-B910-A9AB1AB5A36C}.Release|Any CPU.Build.0 = Release|Any CPU
		{CC7C6F7D-CBCE-44D3-B910-A9AB1AB5A36C}.Release|x86.ActiveCfg = Release|x86
		{CC7C6F7D-CBCE-44D3-B910-A9AB1AB5A36C}.Release|x86.Build.0 = Release|x86
		{9D8C9830-AD5F-478D-8CDC-E04C4A3773F6}.Debug|Any CPU.ActiveCfg = Debug|Any CPU
		{9D8C9830-AD5F-478D-8CDC-E04C4A3773F6}.Debug|Any CPU.Build.0 = Debug|Any CPU
		{9D8C9830-AD5F-478D-8CDC-E04C4A3773F6}.Debug|x86.ActiveCfg = Debug|x86
		{9D8C9830-AD5F-478D-8CDC-E04C4A3773F6}.Debug|x86.Build.0 = Debug|x86
		{9D8C9830-AD5F-478D-8CDC-E04C4A3773F6}.Release|Any CPU.ActiveCfg = Release|Any CPU
		{9D8C9830-AD5F-478D-8CDC-E04C4A3773F6}.Release|Any CPU.Build.0 = Release|Any CPU
		{9D8C9830-AD5F-478D-8CDC-E04C4A3773F6}.Release|x86.ActiveCfg = Release|x86
		{9D8C9830-AD5F-478D-8CDC-E04C4A3773F6}.Release|x86.Build.0 = Release|x86
		{1C0C476C-507D-453F-90C2-C1C5E4B35BEF}.Debug|Any CPU.ActiveCfg = Debug|Any CPU
		{1C0C476C-507D-453F-90C2-C1C5E4B35BEF}.Debug|Any CPU.Build.0 = Debug|Any CPU
		{1C0C476C-507D-453F-90C2-C1C5E4B35BEF}.Debug|x86.ActiveCfg = Debug|x86
		{1C0C476C-507D-453F-90C2-C1C5E4B35BEF}.Debug|x86.Build.0 = Debug|x86
		{1C0C476C-507D-453F-90C2-C1C5E4B35BEF}.Release|Any CPU.ActiveCfg = Release|Any CPU
		{1C0C476C-507D-453F-90C2-C1C5E4B35BEF}.Release|Any CPU.Build.0 = Release|Any CPU
		{1C0C476C-507D-453F-90C2-C1C5E4B35BEF}.Release|x86.ActiveCfg = Release|x86
		{1C0C476C-507D-453F-90C2-C1C5E4B35BEF}.Release|x86.Build.0 = Release|x86
		{1C63F8A8-393E-4911-83D0-A01D78A47B45}.Debug|Any CPU.ActiveCfg = Debug|Any CPU
		{1C63F8A8-393E-4911-83D0-A01D78A47B45}.Debug|Any CPU.Build.0 = Debug|Any CPU
		{1C63F8A8-393E-4911-83D0-A01D78A47B45}.Debug|x86.ActiveCfg = Debug|x86
		{1C63F8A8-393E-4911-83D0-A01D78A47B45}.Debug|x86.Build.0 = Debug|x86
		{1C63F8A8-393E-4911-83D0-A01D78A47B45}.Release|Any CPU.ActiveCfg = Release|Any CPU
		{1C63F8A8-393E-4911-83D0-A01D78A47B45}.Release|Any CPU.Build.0 = Release|Any CPU
		{1C63F8A8-393E-4911-83D0-A01D78A47B45}.Release|x86.ActiveCfg = Release|x86
		{1C63F8A8-393E-4911-83D0-A01D78A47B45}.Release|x86.Build.0 = Release|x86
		{8E430BBE-C5D2-40FB-9F26-7B2BCB2B3F2A}.Debug|Any CPU.ActiveCfg = Debug|Any CPU
		{8E430BBE-C5D2-40FB-9F26-7B2BCB2B3F2A}.Debug|Any CPU.Build.0 = Debug|Any CPU
		{8E430BBE-C5D2-40FB-9F26-7B2BCB2B3F2A}.Debug|x86.ActiveCfg = Debug|x86
		{8E430BBE-C5D2-40FB-9F26-7B2BCB2B3F2A}.Debug|x86.Build.0 = Debug|x86
		{8E430BBE-C5D2-40FB-9F26-7B2BCB2B3F2A}.Release|Any CPU.ActiveCfg = Release|Any CPU
		{8E430BBE-C5D2-40FB-9F26-7B2BCB2B3F2A}.Release|Any CPU.Build.0 = Release|Any CPU
		{8E430BBE-C5D2-40FB-9F26-7B2BCB2B3F2A}.Release|x86.ActiveCfg = Release|x86
		{8E430BBE-C5D2-40FB-9F26-7B2BCB2B3F2A}.Release|x86.Build.0 = Release|x86
		{78E5DF7A-8829-450B-800C-B5079BC9106D}.Debug|Any CPU.ActiveCfg = Debug|Any CPU
		{78E5DF7A-8829-450B-800C-B5079BC9106D}.Debug|Any CPU.Build.0 = Debug|Any CPU
		{78E5DF7A-8829-450B-800C-B5079BC9106D}.Debug|x86.ActiveCfg = Debug|x86
		{78E5DF7A-8829-450B-800C-B5079BC9106D}.Debug|x86.Build.0 = Debug|x86
		{78E5DF7A-8829-450B-800C-B5079BC9106D}.Release|Any CPU.ActiveCfg = Release|Any CPU
		{78E5DF7A-8829-450B-800C-B5079BC9106D}.Release|Any CPU.Build.0 = Release|Any CPU
		{78E5DF7A-8829-450B-800C-B5079BC9106D}.Release|x86.ActiveCfg = Release|x86
		{78E5DF7A-8829-450B-800C-B5079BC9106D}.Release|x86.Build.0 = Release|x86
		{832AF402-22A1-4D28-9179-05B4D8FE44E9}.Debug|Any CPU.ActiveCfg = Debug|Any CPU
		{832AF402-22A1-4D28-9179-05B4D8FE44E9}.Debug|Any CPU.Build.0 = Debug|Any CPU
		{832AF402-22A1-4D28-9179-05B4D8FE44E9}.Debug|x86.ActiveCfg = Debug|x86
		{832AF402-22A1-4D28-9179-05B4D8FE44E9}.Debug|x86.Build.0 = Debug|x86
		{832AF402-22A1-4D28-9179-05B4D8FE44E9}.Release|Any CPU.ActiveCfg = Release|Any CPU
		{832AF402-22A1-4D28-9179-05B4D8FE44E9}.Release|Any CPU.Build.0 = Release|Any CPU
		{832AF402-22A1-4D28-9179-05B4D8FE44E9}.Release|x86.ActiveCfg = Release|x86
		{832AF402-22A1-4D28-9179-05B4D8FE44E9}.Release|x86.Build.0 = Release|x86
		{7E4D2675-91E7-4247-A511-F0AF5AB64E18}.Debug|Any CPU.ActiveCfg = Debug|Any CPU
		{7E4D2675-91E7-4247-A511-F0AF5AB64E18}.Debug|Any CPU.Build.0 = Debug|Any CPU
		{7E4D2675-91E7-4247-A511-F0AF5AB64E18}.Debug|x86.ActiveCfg = Debug|Any CPU
		{7E4D2675-91E7-4247-A511-F0AF5AB64E18}.Debug|x86.Build.0 = Debug|Any CPU
		{7E4D2675-91E7-4247-A511-F0AF5AB64E18}.Release|Any CPU.ActiveCfg = Release|Any CPU
		{7E4D2675-91E7-4247-A511-F0AF5AB64E18}.Release|Any CPU.Build.0 = Release|Any CPU
		{7E4D2675-91E7-4247-A511-F0AF5AB64E18}.Release|x86.ActiveCfg = Release|Any CPU
		{7E4D2675-91E7-4247-A511-F0AF5AB64E18}.Release|x86.Build.0 = Release|Any CPU
	EndGlobalSection
	GlobalSection(SolutionProperties) = preSolution
		HideSolutionNode = FALSE
	EndGlobalSection
	GlobalSection(ExtensibilityGlobals) = postSolution
		SolutionGuid = {DAD5E5C7-4DEA-4B73-B1B6-5F79799BEB7A}
	EndGlobalSection
EndGlobal
