
Microsoft Visual Studio Solution File, Format Version 12.00
# Visual Studio Version 17
VisualStudioVersion = 17.12.35707.178 d17.12
MinimumVisualStudioVersion = 10.0.40219.1
Project("{FAE04EC0-301F-11D3-BF4B-00C04F79EFBC}") = "ConsoleTest", "Desktop\ConsoleTest\ConsoleTest.csproj", "{16FD143D-6E25-4CD9-AEC0-B096644B0045}"
EndProject
Project("{FAE04EC0-301F-11D3-BF4B-00C04F79EFBC}") = "Wado", "Desktop\Wado\Wado.csproj", "{9D8C9830-AD5F-478D-8CDC-E04C4A3773F6}"
EndProject
Project("{FAE04EC0-301F-11D3-BF4B-00C04F79EFBC}") = "DICOM Compare", "Desktop\DICOM Compare\DICOM Compare.csproj", "{1C0C476C-507D-453F-90C2-C1C5E4B35BEF}"
EndProject
Project("{2150E333-8FDC-42A3-9474-1A3956D46DE8}") = "Solution Items", "Solution Items", "{A569366D-4264-4A95-9735-C4F144BA94D9}"
	ProjectSection(SolutionItems) = preProject
		.editorconfig = .editorconfig
		License.txt = License.txt
		README.md = README.md
	EndProjectSection
EndProject
Global
	GlobalSection(SolutionConfigurationPlatforms) = preSolution
		Debug|Any CPU = Debug|Any CPU
		Debug|x86 = Debug|x86
		Release|Any CPU = Release|Any CPU
		Release|x86 = Release|x86
	EndGlobalSection
	GlobalSection(ProjectConfigurationPlatforms) = postSolution
		{16FD143D-6E25-4CD9-AEC0-B096644B0045}.Debug|Any CPU.ActiveCfg = Debug|Any CPU
		{16FD143D-6E25-4CD9-AEC0-B096644B0045}.Debug|Any CPU.Build.0 = Debug|Any CPU
		{16FD143D-6E25-4CD9-AEC0-B096644B0045}.Debug|x86.ActiveCfg = Debug|x86
		{16FD143D-6E25-4CD9-AEC0-B096644B0045}.Debug|x86.Build.0 = Debug|x86
		{16FD143D-6E25-4CD9-AEC0-B096644B0045}.Release|Any CPU.ActiveCfg = Release|Any CPU
		{16FD143D-6E25-4CD9-AEC0-B096644B0045}.Release|Any CPU.Build.0 = Release|Any CPU
		{16FD143D-6E25-4CD9-AEC0-B096644B0045}.Release|x86.ActiveCfg = Release|x86
		{16FD143D-6E25-4CD9-AEC0-B096644B0045}.Release|x86.Build.0 = Release|x86
		{9D8C9830-AD5F-478D-8CDC-E04C4A3773F6}.Debug|Any CPU.ActiveCfg = Debug|Any CPU
		{9D8C9830-AD5F-478D-8CDC-E04C4A3773F6}.Debug|Any CPU.Build.0 = Debug|Any CPU
		{9D8C9830-AD5F-478D-8CDC-E04C4A3773F6}.Debug|x86.ActiveCfg = Debug|x86
		{9D8C9830-AD5F-478D-8CDC-E04C4A3773F6}.Debug|x86.Build.0 = Debug|x86
		{9D8C9830-AD5F-478D-8CDC-E04C4A3773F6}.Release|Any CPU.ActiveCfg = Release|Any CPU
		{9D8C9830-AD5F-478D-8CDC-E04C4A3773F6}.Release|Any CPU.Build.0 = Release|Any CPU
		{9D8C9830-AD5F-478D-8CDC-E04C4A3773F6}.Release|x86.ActiveCfg = Release|x86
		{9D8C9830-AD5F-478D-8CDC-E04C4A3773F6}.Release|x86.Build.0 = Release|x86
		{1C0C476C-507D-453F-90C2-C1C5E4B35BEF}.Debug|Any CPU.ActiveCfg = Debug|Any CPU
		{1C0C476C-507D-453F-90C2-C1C5E4B35BEF}.Debug|Any CPU.Build.0 = Debug|Any CPU
		{1C0C476C-507D-453F-90C2-C1C5E4B35BEF}.Debug|x86.ActiveCfg = Debug|x86
		{1C0C476C-507D-453F-90C2-C1C5E4B35BEF}.Debug|x86.Build.0 = Debug|x86
		{1C0C476C-507D-453F-90C2-C1C5E4B35BEF}.Release|Any CPU.ActiveCfg = Release|Any CPU
		{1C0C476C-507D-453F-90C2-C1C5E4B35BEF}.Release|Any CPU.Build.0 = Release|Any CPU
		{1C0C476C-507D-453F-90C2-C1C5E4B35BEF}.Release|x86.ActiveCfg = Release|x86
		{1C0C476C-507D-453F-90C2-C1C5E4B35BEF}.Release|x86.Build.0 = Release|x86
	EndGlobalSection
	GlobalSection(SolutionProperties) = preSolution
		HideSolutionNode = FALSE
	EndGlobalSection
	GlobalSection(ExtensibilityGlobals) = postSolution
		SolutionGuid = {DAD5E5C7-4DEA-4B73-B1B6-5F79799BEB7A}
	EndGlobalSection
EndGlobal
