
Microsoft Visual Studio Solution File, Format Version 12.00
# Visual Studio 2012
Project("{FAE04EC0-301F-11D3-BF4B-00C04F79EFBC}") = "C-Store SCP.Mono", "C-Store SCP\C-Store SCP.Mono.csproj", "{D9AF008C-EE25-49B3-96F6-E81B8A59D017}"
EndProject
Global
	GlobalSection(SolutionConfigurationPlatforms) = preSolution
		Debug|Any CPU = Debug|Any CPU
		Release|Any CPU = Release|Any CPU
	EndGlobalSection
	GlobalSection(ProjectConfigurationPlatforms) = postSolution
		{D9AF008C-EE25-49B3-96F6-E81B8A59D017}.Debug|Any CPU.ActiveCfg = Debug|Any CPU
		{D9AF008C-EE25-49B3-96F6-E81B8A59D017}.Debug|Any CPU.Build.0 = Debug|Any CPU
		{D9AF008C-EE25-49B3-96F6-E81B8A59D017}.Release|Any CPU.ActiveCfg = Release|Any CPU
		{D9AF008C-EE25-49B3-96F6-E81B8A59D017}.Release|Any CPU.Build.0 = Release|Any CPU
	EndGlobalSection
EndGlobal
